
Microsoft Visual Studio Solution File, Format Version 12.00
Project("{FAE04EC0-301F-11D3-BF4B-00C04F79EFBC}") = "Authentication", "Authentication\Authentication.csproj", "{98DBC650-1585-4536-8D5E-9FE9333DCA57}"
EndProject
Global
	GlobalSection(SolutionConfigurationPlatforms) = preSolution
		Debug|Any CPU = Debug|Any CPU
		Release|Any CPU = Release|Any CPU
	EndGlobalSection
	GlobalSection(ProjectConfigurationPlatforms) = postSolution
		{98DBC650-1585-4536-8D5E-9FE9333DCA57}.Debug|Any CPU.ActiveCfg = Debug|Any CPU
		{98DBC650-1585-4536-8D5E-9FE9333DCA57}.Debug|Any CPU.Build.0 = Debug|Any CPU
		{98DBC650-1585-4536-8D5E-9FE9333DCA57}.Release|Any CPU.ActiveCfg = Release|Any CPU
		{98DBC650-1585-4536-8D5E-9FE9333DCA57}.Release|Any CPU.Build.0 = Release|Any CPU
	EndGlobalSection
EndGlobal
